
Microsoft Visual Studio Solution File, Format Version 12.00
# Visual Studio Version 17
VisualStudioVersion = 17.1.32319.34
MinimumVisualStudioVersion = 10.0.40219.1
Project("{FAE04EC0-301F-11D3-BF4B-00C04F79EFBC}") = "ServiceBusCreator", "ServiceBusCreator\ServiceBusCreator.csproj", "{1944B803-7AE9-498F-B583-50351D961907}"
EndProject
Global
	GlobalSection(SolutionConfigurationPlatforms) = preSolution
		Debug|Any CPU = Debug|Any CPU
		Release|Any CPU = Release|Any CPU
	EndGlobalSection
	GlobalSection(ProjectConfigurationPlatforms) = postSolution
		{1944B803-7AE9-498F-B583-50351D961907}.Debug|Any CPU.ActiveCfg = Debug|Any CPU
		{1944B803-7AE9-498F-B583-50351D961907}.Debug|Any CPU.Build.0 = Debug|Any CPU
		{1944B803-7AE9-498F-B583-50351D961907}.Release|Any CPU.ActiveCfg = Release|Any CPU
		{1944B803-7AE9-498F-B583-50351D961907}.Release|Any CPU.Build.0 = Release|Any CPU
	EndGlobalSection
	GlobalSection(SolutionProperties) = preSolution
		HideSolutionNode = FALSE
	EndGlobalSection
	GlobalSection(ExtensibilityGlobals) = postSolution
		SolutionGuid = {F6F76C08-72D9-4A6C-BF8A-DB1B6BFB7579}
	EndGlobalSection
EndGlobal
